codeberg.org/puregotk/purego v0.0.0-20260224095105-2513c838cb80 h1:y5ZxMLLOjl4xc2tBl02olxZQ06xbbKiR+2ipBfDrVcs=
codeberg.org/puregotk/purego v0.0.0-20260224095105-2513c838cb80/go.mod h1:hVVM4ddvYRlc3IcK3CXJPlMwd/vaLj7gdDBZ6oPgT8w=
codeberg.org/puregotk/puregotk v0.0.0-20260226083027-5647eb6a2bba h1:vaq9DqM7xkLsqKP7aYvVwirqStiJk6OnXy12BtwiG6k=
codeberg.org/puregotk/puregotk v0.0.0-20260226083027-5647eb6a2bba/go.mod h1:Q2E89WEkiGRObalH0QeYJe19f1H+6cn40xavs9+cxdU=
